// !$*UTF8*$!
{
	archiveVersion = 1;
	classes = {
	};
	objectVersion = 46;
	objects = {

/* Begin PBXBuildFile section */
		A05372841B3E757B00CFEB84 /* main.m in Sources */ = {isa = PBXBuildFile; fileRef = A05372831B3E757B00CFEB84 /* main.m */; };
		A05372871B3E757B00CFEB84 /* AppDelegate.m in Sources */ = {isa = PBXBuildFile; fileRef = A05372861B3E757B00CFEB84 /* AppDelegate.m */; };
		A053728A1B3E757B00CFEB84 /* ViewController.m in Sources */ = {isa = PBXBuildFile; fileRef = A05372891B3E757B00CFEB84 /* ViewController.m */; };
		A053728D1B3E757B00CFEB84 /* Main.storyboard in Resources */ = {isa = PBXBuildFile; fileRef = A053728B1B3E757B00CFEB84 /* Main.storyboard */; };
		A053728F1B3E757B00CFEB84 /* Images.xcassets in Resources */ = {isa = PBXBuildFile; fileRef = A053728E1B3E757B00CFEB84 /* Images.xcassets */; };
		A05372921B3E757B00CFEB84 /* LaunchScreen.xib in Resources */ = {isa = PBXBuildFile; fileRef = A05372901B3E757B00CFEB84 /* LaunchScreen.xib */; };
		A053729E1B3E757B00CFEB84 /* UIImageViewTests.m in Sources */ = {isa = PBXBuildFile; fileRef = A053729D1B3E757B00CFEB84 /* UIImageViewTests.m */; };
		A0D04AC91B3E895900BCF7E7 /* 1.png in Resources */ = {isa = PBXBuildFile; fileRef = A0D04AC81B3E895900BCF7E7 /* 1.png */; };
		A0D04ACC1B3EE57D00BCF7E7 /* MyClass1.m in Sources */ = {isa = PBXBuildFile; fileRef = A0D04ACB1B3EE57D00BCF7E7 /* MyClass1.m */; };
		A0D04ACF1B3EE60400BCF7E7 /* MyClass2.m in Sources */ = {isa = PBXBuildFile; fileRef = A0D04ACE1B3EE60400BCF7E7 /* MyClass2.m */; };
/* End PBXBuildFile section */

/* Begin PBXContainerItemProxy section */
		A05372981B3E757B00CFEB84 /* PBXContainerItemProxy */ = {
			isa = PBXContainerItemProxy;
			containerPortal = A05372761B3E757B00CFEB84 /* Project object */;
			proxyType = 1;
			remoteGlobalIDString = A053727D1B3E757B00CFEB84;
			remoteInfo = UIImageView;
		};
/* End PBXContainerItemProxy section */

/* Begin PBXFileReference section */
		A053727E1B3E757B00CFEB84 /* UIImageView.app */ = {isa = PBXFileReference; explicitFileType = wrapper.application; includeInIndex = 0; path = UIImageView.app; sourceTree = BUILT_PRODUCTS_DIR; };
		A05372821B3E757B00CFEB84 /* Info.plist */ = {isa = PBXFileReference; lastKnownFileType = text.plist.xml; path = Info.plist; sourceTree = "<group>"; };
		A05372831B3E757B00CFEB84 /* main.m */ = {isa = PBXFileReference; lastKnownFileType = sourcecode.c.objc; path = main.m; sourceTree = "<group>"; };
		A05372851B3E757B00CFEB84 /* AppDelegate.h */ = {isa = PBXFileReference; lastKnownFileType = sourcecode.c.h; path = AppDelegate.h; sourceTree = "<group>"; };
		A05372861B3E757B00CFEB84 /* AppDelegate.m */ = {isa = PBXFileReference; lastKnownFileType = sourcecode.c.objc; path = AppDelegate.m; sourceTree = "<group>"; };
		A05372881B3E757B00CFEB84 /* ViewController.h */ = {isa = PBXFileReference; lastKnownFileType = sourcecode.c.h; path = ViewController.h; sourceTree = "<group>"; };
		A05372891B3E757B00CFEB84 /* ViewController.m */ = {isa = PBXFileReference; lastKnownFileType = sourcecode.c.objc; path = ViewController.m; sourceTree = "<group>"; };
		A053728C1B3E757B00CFEB84 /* Base */ = {isa = PBXFileReference; lastKnownFileType = file.storyboard; name = Base; path = Base.lproj/Main.storyboard; sourceTree = "<group>"; };
		A053728E1B3E757B00CFEB84 /* Images.xcassets */ = {isa = PBXFileReference; lastKnownFileType = folder.assetcatalog; path = Images.xcassets; sourceTree = "<group>"; };
		A05372911B3E757B00CFEB84 /* Base */ = {isa = PBXFileReference; lastKnownFileType = file.xib; name = Base; path = Base.lproj/LaunchScreen.xib; sourceTree = "<group>"; };
		A05372971B3E757B00CFEB84 /* UIImageViewTests.xctest */ = {isa = PBXFileReference; explicitFileType = wrapper.cfbundle; includeInIndex = 0; path = UIImageViewTests.xctest; sourceTree = BUILT_PRODUCTS_DIR; };
		A053729C1B3E757B00CFEB84 /* Info.plist */ = {isa = PBXFileReference; lastKnownFileType = text.plist.xml; path = Info.plist; sourceTree = "<group>"; };
		A053729D1B3E757B00CFEB84 /* UIImageViewTests.m */ = {isa = PBXFileReference; lastKnownFileType = sourcecode.c.objc; path = UIImageViewTests.m; sourceTree = "<group>"; };
		A0D04AC81B3E895900BCF7E7 /* 1.png */ = {isa = PBXFileReference; lastKnownFileType = image.png; path = 1.png; sourceTree = "<group>"; };
		A0D04ACA1B3EE57D00BCF7E7 /* MyClass1.h */ = {isa = PBXFileReference; fileEncoding = 4; lastKnownFileType = sourcecode.c.h; path = MyClass1.h; sourceTree = "<group>"; };
		A0D04ACB1B3EE57D00BCF7E7 /* MyClass1.m */ = {isa = PBXFileReference; fileEncoding = 4; lastKnownFileType = sourcecode.c.objc; path = MyClass1.m; sourceTree = "<group>"; };
		A0D04ACD1B3EE60400BCF7E7 /* MyClass2.h */ = {isa = PBXFileReference; fileEncoding = 4; lastKnownFileType = sourcecode.c.h; path = MyClass2.h; sourceTree = "<group>"; };
		A0D04ACE1B3EE60400BCF7E7 /* MyClass2.m */ = {isa = PBXFileReference; fileEncoding = 4; lastKnownFileType = sourcecode.c.objc; path = MyClass2.m; sourceTree = "<group>"; };
/* End PBXFileReference section */

/* Begin PBXFrameworksBuildPhase section */
		A053727B1B3E757B00CFEB84 /* Frameworks */ = {
			isa = PBXFrameworksBuildPhase;
			buildActionMask = 2147483647;
			files = (
			);
			runOnlyForDeploymentPostprocessing = 0;
		};
		A05372941B3E757B00CFEB84 /* Frameworks */ = {
			isa = PBXFrameworksBuildPhase;
			buildActionMask = 2147483647;
			files = (
			);
			runOnlyForDeploymentPostprocessing = 0;
		};
/* End PBXFrameworksBuildPhase section */

/* Begin PBXGroup section */
		A05372751B3E757B00CFEB84 = {
			isa = PBXGroup;
			children = (
				A05372801B3E757B00CFEB84 /* UIImageView */,
				A053729A1B3E757B00CFEB84 /* UIImageViewTests */,
				A053727F1B3E757B00CFEB84 /* Products */,
			);
			sourceTree = "<group>";
		};
		A053727F1B3E757B00CFEB84 /* Products */ = {
			isa = PBXGroup;
			children = (
				A053727E1B3E757B00CFEB84 /* UIImageView.app */,
				A05372971B3E757B00CFEB84 /* UIImageViewTests.xctest */,
			);
			name = Products;
			sourceTree = "<group>";
		};
		A05372801B3E757B00CFEB84 /* UIImageView */ = {
			isa = PBXGroup;
			children = (
				A05372851B3E757B00CFEB84 /* AppDelegate.h */,
				A05372861B3E757B00CFEB84 /* AppDelegate.m */,
				A05372881B3E757B00CFEB84 /* ViewController.h */,
				A05372891B3E757B00CFEB84 /* ViewController.m */,
				A0D04ACA1B3EE57D00BCF7E7 /* MyClass1.h */,
				A0D04ACB1B3EE57D00BCF7E7 /* MyClass1.m */,
				A0D04ACD1B3EE60400BCF7E7 /* MyClass2.h */,
				A0D04ACE1B3EE60400BCF7E7 /* MyClass2.m */,
				A0D04AC81B3E895900BCF7E7 /* 1.png */,
				A053728B1B3E757B00CFEB84 /* Main.storyboard */,
				A053728E1B3E757B00CFEB84 /* Images.xcassets */,
				A05372901B3E757B00CFEB84 /* LaunchScreen.xib */,
				A05372811B3E757B00CFEB84 /* Supporting Files */,
			);
			path = UIImageView;
			sourceTree = "<group>";
		};
		A05372811B3E757B00CFEB84 /* Supporting Files */ = {
			isa = PBXGroup;
			children = (
				A05372821B3E757B00CFEB84 /* Info.plist */,
				A05372831B3E757B00CFEB84 /* main.m */,
			);
			name = "Supporting Files";
			sourceTree = "<group>";
		};
		A053729A1B3E757B00CFEB84 /* UIImageViewTests */ = {
			isa = PBXGroup;
			children = (
				A053729D1B3E757B00CFEB84 /* UIImageViewTests.m */,
				A053729B1B3E757B00CFEB84 /* Supporting Files */,
			);
			path = UIImageViewTests;
			sourceTree = "<group>";
		};
		A053729B1B3E757B00CFEB84 /* Supporting Files */ = {
			isa = PBXGroup;
			children = (
				A053729C1B3E757B00CFEB84 /* Info.plist */,
			);
			name = "Supporting Files";
			sourceTree = "<group>";
		};
/* End PBXGroup section */

/* Begin PBXNativeTarget section */
		A053727D1B3E757B00CFEB84 /* UIImageView */ = {
			isa = PBXNativeTarget;
			buildConfigurationList = A05372A11B3E757B00CFEB84 /* Build configuration list for PBXNativeTarget "UIImageView" */;
			buildPhases = (
				A053727A1B3E757B00CFEB84 /* Sources */,
				A053727B1B3E757B00CFEB84 /* Frameworks */,
				A053727C1B3E757B00CFEB84 /* Resources */,
			);
			buildRules = (
			);
			dependencies = (
			);
			name = UIImageView;
			productName = UIImageView;
			productReference = A053727E1B3E757B00CFEB84 /* UIImageView.app */;
			productType = "com.apple.product-type.application";
		};
		A05372961B3E757B00CFEB84 /* UIImageViewTests */ = {
			isa = PBXNativeTarget;
			buildConfigurationList = A05372A41B3E757B00CFEB84 /* Build configuration list for PBXNativeTarget "UIImageViewTests" */;
			buildPhases = (
				A05372931B3E757B00CFEB84 /* Sources */,
				A05372941B3E757B00CFEB84 /* Frameworks */,
				A05372951B3E757B00CFEB84 /* Resources */,
			);
			buildRules = (
			);
			dependencies = (
				A05372991B3E757B00CFEB84 /* PBXTargetDependency */,
			);
			name = UIImageViewTests;
			productName = UIImageViewTests;
			productReference = A05372971B3E757B00CFEB84 /* UIImageViewTests.xctest */;
			productType = "com.apple.product-type.bundle.unit-test";
		};
/* End PBXNativeTarget section */

/* Begin PBXProject section */
		A05372761B3E757B00CFEB84 /* Project object */ = {
			isa = PBXProject;
			attributes = {
				LastUpgradeCheck = 0630;
				ORGANIZATIONNAME = wangjie;
				TargetAttributes = {
					A053727D1B3E757B00CFEB84 = {
						CreatedOnToolsVersion = 6.3.1;
					};
					A05372961B3E757B00CFEB84 = {
						CreatedOnToolsVersion = 6.3.1;
						TestTargetID = A053727D1B3E757B00CFEB84;
					};
				};
			};
			buildConfigurationList = A05372791B3E757B00CFEB84 /* Build configuration list for PBXProject "UIImageView" */;
			compatibilityVersion = "Xcode 3.2";
			developmentRegion = English;
			hasScannedForEncodings = 0;
			knownRegions = (
				en,
				Base,
			);
			mainGroup = A05372751B3E757B00CFEB84;
			productRefGroup = A053727F1B3E757B00CFEB84 /* Products */;
			projectDirPath = "";
			projectRoot = "";
			targets = (
				A053727D1B3E757B00CFEB84 /* UIImageView */,
				A05372961B3E757B00CFEB84 /* UIImageViewTests */,
			);
		};
/* End PBXProject section */

/* Begin PBXResourcesBuildPhase section */
		A053727C1B3E757B00CFEB84 /* Resources */ = {
			isa = PBXResourcesBuildPhase;
			buildActionMask = 2147483647;
			files = (
				A053728D1B3E757B00CFEB84 /* Main.storyboard in Resources */,
				A0D04AC91B3E895900BCF7E7 /* 1.png in Resources */,
				A05372921B3E757B00CFEB84 /* LaunchScreen.xib in Resources */,
				A053728F1B3E757B00CFEB84 /* Images.xcassets in Resources */,
			);
			runOnlyForDeploymentPostprocessing = 0;
		};
		A05372951B3E757B00CFEB84 /* Resources */ = {
			isa = PBXResourcesBuildPhase;
			buildActionMask = 2147483647;
			files = (
			);
			runOnlyForDeploymentPostprocessing = 0;
		};
/* End PBXResourcesBuildPhase section */

/* Begin PBXSourcesBuildPhase section */
		A053727A1B3E757B00CFEB84 /* Sources */ = {
			isa = PBXSourcesBuildPhase;
			buildActionMask = 2147483647;
			files = (
				A053728A1B3E757B00CFEB84 /* ViewController.m in Sources */,
				A05372871B3E757B00CFEB84 /* AppDelegate.m in Sources */,
				A0D04ACC1B3EE57D00BCF7E7 /* MyClass1.m in Sources */,
				A05372841B3E757B00CFEB84 /* main.m in Sources */,
				A0D04ACF1B3EE60400BCF7E7 /* MyClass2.m in Sources */,
			);
			runOnlyForDeploymentPostprocessing = 0;
		};
		A05372931B3E757B00CFEB84 /* Sources */ = {
			isa = PBXSourcesBuildPhase;
			buildActionMask = 2147483647;
			files = (
				A053729E1B3E757B00CFEB84 /* UIImageViewTests.m in Sources */,
			);
			runOnlyForDeploymentPostprocessing = 0;
		};
/* End PBXSourcesBuildPhase section */

/* Begin PBXTargetDependency section */
		A05372991B3E757B00CFEB84 /* PBXTargetDependency */ = {
			isa = PBXTargetDependency;
			target = A053727D1B3E757B00CFEB84 /* UIImageView */;
			targetProxy = A05372981B3E757B00CFEB84 /* PBXContainerItemProxy */;
		};
/* End PBXTargetDependency section */

/* Begin PBXVariantGroup section */
		A053728B1B3E757B00CFEB84 /* Main.storyboard */ = {
			isa = PBXVariantGroup;
			children = (
				A053728C1B3E757B00CFEB84 /* Base */,
			);
			name = Main.storyboard;
			sourceTree = "<group>";
		};
		A05372901B3E757B00CFEB84 /* LaunchScreen.xib */ = {
			isa = PBXVariantGroup;
			children = (
				A05372911B3E757B00CFEB84 /* Base */,
			);
			name = LaunchScreen.xib;
			sourceTree = "<group>";
		};
/* End PBXVariantGroup section */

/* Begin XCBuildConfiguration section */
		A053729F1B3E757B00CFEB84 /* Debug */ = {
			isa = XCBuildConfiguration;
			buildSettings = {
				ALWAYS_SEARCH_USER_PATHS = NO;
				CLANG_CXX_LANGUAGE_STANDARD = "gnu++0x";
				CLANG_CXX_LIBRARY = "libc++";
				CLANG_ENABLE_MODULES = YES;
				CLANG_ENABLE_OBJC_ARC = YES;
				CLANG_WARN_BOOL_CONVERSION = YES;
				CLANG_WARN_CONSTANT_CONVERSION = YES;
				CLANG_WARN_DIRECT_OBJC_ISA_USAGE = YES_ERROR;
				CLANG_WARN_EMPTY_BODY = YES;
				CLANG_WARN_ENUM_CONVERSION = YES;
				CLANG_WARN_INT_CONVERSION = YES;
				CLANG_WARN_OBJC_ROOT_CLASS = YES_ERROR;
				CLANG_WARN_UNREACHABLE_CODE = YES;
				CLANG_WARN__DUPLICATE_METHOD_MATCH = YES;
				"CODE_SIGN_IDENTITY[sdk=iphoneos*]" = "iPhone Developer";
				COPY_PHASE_STRIP = NO;
				DEBUG_INFORMATION_FORMAT = "dwarf-with-dsym";
				ENABLE_STRICT_OBJC_MSGSEND = YES;
				GCC_C_LANGUAGE_STANDARD = gnu99;
				GCC_DYNAMIC_NO_PIC = NO;
				GCC_NO_COMMON_BLOCKS = YES;
				GCC_OPTIMIZATION_LEVEL = 0;
				GCC_PREPROCESSOR_DEFINITIONS = (
					"DEBUG=1",
					"$(inherited)",
				);
				GCC_SYMBOLS_PRIVATE_EXTERN = NO;
				GCC_WARN_64_TO_32_BIT_CONVERSION = YES;
				GCC_WARN_ABOUT_RETURN_TYPE = YES_ERROR;
				GCC_WARN_UNDECLARED_SELECTOR = YES;
				GCC_WARN_UNINITIALIZED_AUTOS = YES_AGGRESSIVE;
				GCC_WARN_UNUSED_FUNCTION = YES;
				GCC_WARN_UNUSED_VARIABLE = YES;
				IPHONEOS_DEPLOYMENT_TARGET = 8.3;
				MTL_ENABLE_DEBUG_INFO = YES;
				ONLY_ACTIVE_ARCH = YES;
				SDKROOT = iphoneos;
				TARGETED_DEVICE_FAMILY = "1,2";
			};
			name = Debug;
		};
		A05372A01B3E757B00CFEB84 /* Release */ = {
			isa = XCBuildConfiguration;
			buildSettings = {
				ALWAYS_SEARCH_USER_PATHS = NO;
				CLANG_CXX_LANGUAGE_STANDARD = "gnu++0x";
				CLANG_CXX_LIBRARY = "libc++";
				CLANG_ENABLE_MODULES = YES;
				CLANG_ENABLE_OBJC_ARC = YES;
				CLANG_WARN_BOOL_CONVERSION = YES;
				CLANG_WARN_CONSTANT_CONVERSION = YES;
				CLANG_WARN_DIRECT_OBJC_ISA_USAGE = YES_ERROR;
				CLANG_WARN_EMPTY_BODY = YES;
				CLANG_WARN_ENUM_CONVERSION = YES;
				CLANG_WARN_INT_CONVERSION = YES;
				CLANG_WARN_OBJC_ROOT_CLASS = YES_ERROR;
				CLANG_WARN_UNREACHABLE_CODE = YES;
				CLANG_WARN__DUPLICATE_METHOD_MATCH = YES;
				"CODE_SIGN_IDENTITY[sdk=iphoneos*]" = "iPhone Developer";
				COPY_PHASE_STRIP = NO;
				DEBUG_INFORMATION_FORMAT = "dwarf-with-dsym";
				ENABLE_NS_ASSERTIONS = NO;
				ENABLE_STRICT_OBJC_MSGSEND = YES;
				GCC_C_LANGUAGE_STANDARD = gnu99;
				GCC_NO_COMMON_BLOCKS = YES;
				GCC_WARN_64_TO_32_BIT_CONVERSION = YES;
				GCC_WARN_ABOUT_RETURN_TYPE = YES_ERROR;
				GCC_WARN_UNDECLARED_SELECTOR = YES;
				GCC_WARN_UNINITIALIZED_AUTOS = YES_AGGRESSIVE;
				GCC_WARN_UNUSED_FUNCTION = YES;
				GCC_WARN_UNUSED_VARIABLE = YES;
				IPHONEOS_DEPLOYMENT_TARGET = 8.3;
				MTL_ENABLE_DEBUG_INFO = NO;
				SDKROOT = iphoneos;
				TARGETED_DEVICE_FAMILY = "1,2";
				VALIDATE_PRODUCT = YES;
			};
			name = Release;
		};
		A05372A21B3E757B00CFEB84 /* Debug */ = {
			isa = XCBuildConfiguration;
			buildSettings = {
				ASSETCATALOG_COMPILER_APPICON_NAME = AppIcon;
				INFOPLIST_FILE = UIImageView/Info.plist;
				LD_RUNPATH_SEARCH_PATHS = "$(inherited) @executable_path/Frameworks";
				PRODUCT_NAME = "$(TARGET_NAME)";
			};
			name = Debug;
		};
		A05372A31B3E757B00CFEB84 /* Release */ = {
			isa = XCBuildConfiguration;
			buildSettings = {
				ASSETCATALOG_COMPILER_APPICON_NAME = AppIcon;
				INFOPLIST_FILE = UIImageView/Info.plist;
				LD_RUNPATH_SEARCH_PATHS = "$(inherited) @executable_path/Frameworks";
				PRODUCT_NAME = "$(TARGET_NAME)";
			};
			name = Release;
		};
		A05372A51B3E757B00CFEB84 /* Debug */ = {
			isa = XCBuildConfiguration;
			buildSettings = {
				BUNDLE_LOADER = "$(TEST_HOST)";
				FRAMEWORK_SEARCH_PATHS = (
					"$(SDKROOT)/Developer/Library/Frameworks",
					"$(inherited)",
				);
				GCC_PREPROCESSOR_DEFINITIONS = (
					"DEBUG=1",
					"$(inherited)",
				);
				INFOPLIST_FILE = UIImageViewTests/Info.plist;
				LD_RUNPATH_SEARCH_PATHS = "$(inherited) @executable_path/Frameworks @loader_path/Frameworks";
				PRODUCT_NAME = "$(TARGET_NAME)";
				TEST_HOST = "$(BUILT_PRODUCTS_DIR)/UIImageView.app/UIImageView";
			};
			name = Debug;
		};
		A05372A61B3E757B00CFEB84 /* Release */ = {
			isa = XCBuildConfiguration;
			buildSettings = {
				BUNDLE_LOADER = "$(TEST_HOST)";
				FRAMEWORK_SEARCH_PATHS = (
					"$(SDKROOT)/Developer/Library/Frameworks",
					"$(inherited)",
				);
				INFOPLIST_FILE = UIImageViewTests/Info.plist;
				LD_RUNPATH_SEARCH_PATHS = "$(inherited) @executable_path/Frameworks @loader_path/Frameworks";
				PRODUCT_NAME = "$(TARGET_NAME)";
				TEST_HOST = "$(BUILT_PRODUCTS_DIR)/UIImageView.app/UIImageView";
			};
			name = Release;
		};
/* End XCBuildConfiguration section */

/* Begin XCConfigurationList section */
		A05372791B3E757B00CFEB84 /* Build configuration list for PBXProject "UIImageView" */ = {
			isa = XCConfigurationList;
			buildConfigurations = (
				A053729F1B3E757B00CFEB84 /* Debug */,
				A05372A01B3E757B00CFEB84 /* Release */,
			);
			defaultConfigurationIsVisible = 0;
			defaultConfigurationName = Release;
		};
		A05372A11B3E757B00CFEB84 /* Build configuration list for PBXNativeTarget "UIImageView" */ = {
			isa = XCConfigurationList;
			buildConfigurations = (
				A05372A21B3E757B00CFEB84 /* Debug */,
				A05372A31B3E757B00CFEB84 /* Release */,
			);
			defaultConfigurationIsVisible = 0;
			defaultConfigurationName = Release;
		};
		A05372A41B3E757B00CFEB84 /* Build configuration list for PBXNativeTarget "UIImageViewTests" */ = {
			isa = XCConfigurationList;
			buildConfigurations = (
				A05372A51B3E757B00CFEB84 /* Debug */,
				A05372A61B3E757B00CFEB84 /* Release */,
			);
			defaultConfigurationIsVisible = 0;
			defaultConfigurationName = Release;
		};
/* End XCConfigurationList section */
	};
	rootObject = A05372761B3E757B00CFEB84 /* Project object */;
}
